
Microsoft Visual Studio Solution File, Format Version 12.00
# Visual Studio Version 16
VisualStudioVersion = 16.0.30011.22
MinimumVisualStudioVersion = 10.0.40219.1
Project("{9A19103F-16F7-4668-BE54-9A1E7A4F7556}") = "WebApi", "WebApi\WebApi.csproj", "{E941C0BD-2A14-4847-BCC0-A605D2A54823}"
EndProject
Project("{9A19103F-16F7-4668-BE54-9A1E7A4F7556}") = "Bus", "Bus\Bus.csproj", "{70C71F78-915C-44A9-86DC-758C5EA4AA32}"
EndProject
Project("{9A19103F-16F7-4668-BE54-9A1E7A4F7556}") = "Service", "Service\Service.csproj", "{0044CEB2-52EF-4473-AFB3-BEBA5403271C}"
EndProject
Project("{FAE04EC0-301F-11D3-BF4B-00C04F79EFBC}") = "Contract", "Contract\Contract.csproj", "{5FB1F4E1-8DCE-4E60-BBA1-EC56D78E675D}"
EndProject
Global
	GlobalSection(SolutionConfigurationPlatforms) = preSolution
		Debug|Any CPU = Debug|Any CPU
		Release|Any CPU = Release|Any CPU
	EndGlobalSection
	GlobalSection(ProjectConfigurationPlatforms) = postSolution
		{E941C0BD-2A14-4847-BCC0-A605D2A54823}.Debug|Any CPU.ActiveCfg = Debug|Any CPU
		{E941C0BD-2A14-4847-BCC0-A605D2A54823}.Debug|Any CPU.Build.0 = Debug|Any CPU
		{E941C0BD-2A14-4847-BCC0-A605D2A54823}.Release|Any CPU.ActiveCfg = Release|Any CPU
		{E941C0BD-2A14-4847-BCC0-A605D2A54823}.Release|Any CPU.Build.0 = Release|Any CPU
		{70C71F78-915C-44A9-86DC-758C5EA4AA32}.Debug|Any CPU.ActiveCfg = Debug|Any CPU
		{70C71F78-915C-44A9-86DC-758C5EA4AA32}.Debug|Any CPU.Build.0 = Debug|Any CPU
		{70C71F78-915C-44A9-86DC-758C5EA4AA32}.Release|Any CPU.ActiveCfg = Release|Any CPU
		{70C71F78-915C-44A9-86DC-758C5EA4AA32}.Release|Any CPU.Build.0 = Release|Any CPU
		{0044CEB2-52EF-4473-AFB3-BEBA5403271C}.Debug|Any CPU.ActiveCfg = Debug|Any CPU
		{0044CEB2-52EF-4473-AFB3-BEBA5403271C}.Debug|Any CPU.Build.0 = Debug|Any CPU
		{0044CEB2-52EF-4473-AFB3-BEBA5403271C}.Release|Any CPU.ActiveCfg = Release|Any CPU
		{0044CEB2-52EF-4473-AFB3-BEBA5403271C}.Release|Any CPU.Build.0 = Release|Any CPU
		{5FB1F4E1-8DCE-4E60-BBA1-EC56D78E675D}.Debug|Any CPU.ActiveCfg = Debug|Any CPU
		{5FB1F4E1-8DCE-4E60-BBA1-EC56D78E675D}.Debug|Any CPU.Build.0 = Debug|Any CPU
		{5FB1F4E1-8DCE-4E60-BBA1-EC56D78E675D}.Release|Any CPU.ActiveCfg = Release|Any CPU
		{5FB1F4E1-8DCE-4E60-BBA1-EC56D78E675D}.Release|Any CPU.Build.0 = Release|Any CPU
	EndGlobalSection
	GlobalSection(SolutionProperties) = preSolution
		HideSolutionNode = FALSE
	EndGlobalSection
	GlobalSection(ExtensibilityGlobals) = postSolution
		SolutionGuid = {9BD9056C-4409-4F1B-956B-1D9667DC9AE7}
	EndGlobalSection
EndGlobal
